
Microsoft Visual Studio Solution File, Format Version 12.00
# Visual Studio 15
VisualStudioVersion = 15.0.26430.15
MinimumVisualStudioVersion = 10.0.40219.1
Project("{FAE04EC0-301F-11D3-BF4B-00C04F79EFBC}") = "SimpleServer", "SimpleServer1\SimpleServer.csproj", "{D66AC242-4832-45C6-B0F8-B71B803893DA}"
EndProject
Project("{FAE04EC0-301F-11D3-BF4B-00C04F79EFBC}") = "SimpleServer.SlackIntegrator", "SimpleServer.SlackConnector\SimpleServer.SlackIntegrator.csproj", "{B249BED0-C787-4F1A-9ACD-D1A1E36EAE1C}"
EndProject
Project("{FAE04EC0-301F-11D3-BF4B-00C04F79EFBC}") = "SimpleServer.ServiceManager", "SimpleServer.ServiceManager\SimpleServer.ServiceManager.csproj", "{02C8DC7E-8D31-4C01-9247-C475FF10D430}"
EndProject
Project("{FAE04EC0-301F-11D3-BF4B-00C04F79EFBC}") = "SimpleServer.Configuration", "SimpleServer.Configuration\SimpleServer.Configuration.csproj", "{304F045E-68EA-4780-A5E2-833A171BECDD}"
EndProject
Project("{FAE04EC0-301F-11D3-BF4B-00C04F79EFBC}") = "SimpleServer.Tests", "SimpleServer.Tests\SimpleServer.Tests.csproj", "{C6735E4F-8F25-405F-904E-346615319573}"
EndProject
Global
	GlobalSection(SolutionConfigurationPlatforms) = preSolution
		Debug|Any CPU = Debug|Any CPU
		Release|Any CPU = Release|Any CPU
	EndGlobalSection
	GlobalSection(ProjectConfigurationPlatforms) = postSolution
		{D66AC242-4832-45C6-B0F8-B71B803893DA}.Debug|Any CPU.ActiveCfg = Debug|Any CPU
		{D66AC242-4832-45C6-B0F8-B71B803893DA}.Debug|Any CPU.Build.0 = Debug|Any CPU
		{D66AC242-4832-45C6-B0F8-B71B803893DA}.Release|Any CPU.ActiveCfg = Release|Any CPU
		{D66AC242-4832-45C6-B0F8-B71B803893DA}.Release|Any CPU.Build.0 = Release|Any CPU
		{B249BED0-C787-4F1A-9ACD-D1A1E36EAE1C}.Debug|Any CPU.ActiveCfg = Debug|Any CPU
		{B249BED0-C787-4F1A-9ACD-D1A1E36EAE1C}.Debug|Any CPU.Build.0 = Debug|Any CPU
		{B249BED0-C787-4F1A-9ACD-D1A1E36EAE1C}.Release|Any CPU.ActiveCfg = Release|Any CPU
		{B249BED0-C787-4F1A-9ACD-D1A1E36EAE1C}.Release|Any CPU.Build.0 = Release|Any CPU
		{02C8DC7E-8D31-4C01-9247-C475FF10D430}.Debug|Any CPU.ActiveCfg = Debug|Any CPU
		{02C8DC7E-8D31-4C01-9247-C475FF10D430}.Debug|Any CPU.Build.0 = Debug|Any CPU
		{02C8DC7E-8D31-4C01-9247-C475FF10D430}.Release|Any CPU.ActiveCfg = Release|Any CPU
		{02C8DC7E-8D31-4C01-9247-C475FF10D430}.Release|Any CPU.Build.0 = Release|Any CPU
		{304F045E-68EA-4780-A5E2-833A171BECDD}.Debug|Any CPU.ActiveCfg = Debug|Any CPU
		{304F045E-68EA-4780-A5E2-833A171BECDD}.Debug|Any CPU.Build.0 = Debug|Any CPU
		{304F045E-68EA-4780-A5E2-833A171BECDD}.Release|Any CPU.ActiveCfg = Release|Any CPU
		{304F045E-68EA-4780-A5E2-833A171BECDD}.Release|Any CPU.Build.0 = Release|Any CPU
		{C6735E4F-8F25-405F-904E-346615319573}.Debug|Any CPU.ActiveCfg = Debug|Any CPU
		{C6735E4F-8F25-405F-904E-346615319573}.Debug|Any CPU.Build.0 = Debug|Any CPU
		{C6735E4F-8F25-405F-904E-346615319573}.Release|Any CPU.ActiveCfg = Release|Any CPU
		{C6735E4F-8F25-405F-904E-346615319573}.Release|Any CPU.Build.0 = Release|Any CPU
	EndGlobalSection
	GlobalSection(SolutionProperties) = preSolution
		HideSolutionNode = FALSE
	EndGlobalSection
	GlobalSection(ExtensibilityGlobals) = postSolution
		SolutionGuid = {FE2085A7-F6EF-462C-9560-F96AC0821104}
	EndGlobalSection
EndGlobal
